// !$*UTF8*$!
{
	archiveVersion = 1;
	classes = {
	};
	objectVersion = 46;
	objects = {

/* Begin PBXBuildFile section */
		9876B9651F4680D2007C6E24 /* AppDelegate.swift in Sources */ = {isa = PBXBuildFile; fileRef = 9876B9641F4680D2007C6E24 /* AppDelegate.swift */; };
		9876B9671F4680D2007C6E24 /* ViewController.swift in Sources */ = {isa = PBXBuildFile; fileRef = 9876B9661F4680D2007C6E24 /* ViewController.swift */; };
		9876B96A1F4680D2007C6E24 /* Main.storyboard in Resources */ = {isa = PBXBuildFile; fileRef = 9876B9681F4680D2007C6E24 /* Main.storyboard */; };
		9876B96C1F4680D2007C6E24 /* Assets.xcassets in Resources */ = {isa = PBXBuildFile; fileRef = 9876B96B1F4680D2007C6E24 /* Assets.xcassets */; };
		9876B96F1F4680D2007C6E24 /* LaunchScreen.storyboard in Resources */ = {isa = PBXBuildFile; fileRef = 9876B96D1F4680D2007C6E24 /* LaunchScreen.storyboard */; };
		9876B97A1F4680D2007C6E24 /* TYAttributedLabel_SwiftTests.swift in Sources */ = {isa = PBXBuildFile; fileRef = 9876B9791F4680D2007C6E24 /* TYAttributedLabel_SwiftTests.swift */; };
		9876B9851F4680D2007C6E24 /* TYAttributedLabel_SwiftUITests.swift in Sources */ = {isa = PBXBuildFile; fileRef = 9876B9841F4680D2007C6E24 /* TYAttributedLabel_SwiftUITests.swift */; };
		9876B9931F46D20B007C6E24 /* SimpleTextViewController.swift in Sources */ = {isa = PBXBuildFile; fileRef = 9876B9921F46D20B007C6E24 /* SimpleTextViewController.swift */; };
		9876B9951F46D7D2007C6E24 /* TYAttributedLabel.swift in Sources */ = {isa = PBXBuildFile; fileRef = 9876B9941F46D7D2007C6E24 /* TYAttributedLabel.swift */; };
		9876B9971F46DF79007C6E24 /* TYTextContainer.swift in Sources */ = {isa = PBXBuildFile; fileRef = 9876B9961F46DF79007C6E24 /* TYTextContainer.swift */; };
/* End PBXBuildFile section */

/* Begin PBXContainerItemProxy section */
		9876B9761F4680D2007C6E24 /* PBXContainerItemProxy */ = {
			isa = PBXContainerItemProxy;
			containerPortal = 9876B9591F4680D2007C6E24 /* Project object */;
			proxyType = 1;
			remoteGlobalIDString = 9876B9601F4680D2007C6E24;
			remoteInfo = TYAttributedLabel_Swift;
		};
		9876B9811F4680D2007C6E24 /* PBXContainerItemProxy */ = {
			isa = PBXContainerItemProxy;
			containerPortal = 9876B9591F4680D2007C6E24 /* Project object */;
			proxyType = 1;
			remoteGlobalIDString = 9876B9601F4680D2007C6E24;
			remoteInfo = TYAttributedLabel_Swift;
		};
/* End PBXContainerItemProxy section */

/* Begin PBXFileReference section */
		9876B9611F4680D2007C6E24 /* TYAttributedLabel_Swift.app */ = {isa = PBXFileReference; explicitFileType = wrapper.application; includeInIndex = 0; path = TYAttributedLabel_Swift.app; sourceTree = BUILT_PRODUCTS_DIR; };
		9876B9641F4680D2007C6E24 /* AppDelegate.swift */ = {isa = PBXFileReference; lastKnownFileType = sourcecode.swift; path = AppDelegate.swift; sourceTree = "<group>"; };
		9876B9661F4680D2007C6E24 /* ViewController.swift */ = {isa = PBXFileReference; lastKnownFileType = sourcecode.swift; path = ViewController.swift; sourceTree = "<group>"; };
		9876B9691F4680D2007C6E24 /* Base */ = {isa = PBXFileReference; lastKnownFileType = file.storyboard; name = Base; path = Base.lproj/Main.storyboard; sourceTree = "<group>"; };
		9876B96B1F4680D2007C6E24 /* Assets.xcassets */ = {isa = PBXFileReference; lastKnownFileType = folder.assetcatalog; path = Assets.xcassets; sourceTree = "<group>"; };
		9876B96E1F4680D2007C6E24 /* Base */ = {isa = PBXFileReference; lastKnownFileType = file.storyboard; name = Base; path = Base.lproj/LaunchScreen.storyboard; sourceTree = "<group>"; };
		9876B9701F4680D2007C6E24 /* Info.plist */ = {isa = PBXFileReference; lastKnownFileType = text.plist.xml; path = Info.plist; sourceTree = "<group>"; };
		9876B9751F4680D2007C6E24 /* TYAttributedLabel_SwiftTests.xctest */ = {isa = PBXFileReference; explicitFileType = wrapper.cfbundle; includeInIndex = 0; path = TYAttributedLabel_SwiftTests.xctest; sourceTree = BUILT_PRODUCTS_DIR; };
		9876B9791F4680D2007C6E24 /* TYAttributedLabel_SwiftTests.swift */ = {isa = PBXFileReference; lastKnownFileType = sourcecode.swift; path = TYAttributedLabel_SwiftTests.swift; sourceTree = "<group>"; };
		9876B97B1F4680D2007C6E24 /* Info.plist */ = {isa = PBXFileReference; lastKnownFileType = text.plist.xml; path = Info.plist; sourceTree = "<group>"; };
		9876B9801F4680D2007C6E24 /* TYAttributedLabel_SwiftUITests.xctest */ = {isa = PBXFileReference; explicitFileType = wrapper.cfbundle; includeInIndex = 0; path = TYAttributedLabel_SwiftUITests.xctest; sourceTree = BUILT_PRODUCTS_DIR; };
		9876B9841F4680D2007C6E24 /* TYAttributedLabel_SwiftUITests.swift */ = {isa = PBXFileReference; lastKnownFileType = sourcecode.swift; path = TYAttributedLabel_SwiftUITests.swift; sourceTree = "<group>"; };
		9876B9861F4680D2007C6E24 /* Info.plist */ = {isa = PBXFileReference; lastKnownFileType = text.plist.xml; path = Info.plist; sourceTree = "<group>"; };
		9876B9921F46D20B007C6E24 /* SimpleTextViewController.swift */ = {isa = PBXFileReference; fileEncoding = 4; lastKnownFileType = sourcecode.swift; path = SimpleTextViewController.swift; sourceTree = "<group>"; };
		9876B9941F46D7D2007C6E24 /* TYAttributedLabel.swift */ = {isa = PBXFileReference; fileEncoding = 4; lastKnownFileType = sourcecode.swift; path = TYAttributedLabel.swift; sourceTree = "<group>"; };
		9876B9961F46DF79007C6E24 /* TYTextContainer.swift */ = {isa = PBXFileReference; fileEncoding = 4; lastKnownFileType = sourcecode.swift; path = TYTextContainer.swift; sourceTree = "<group>"; };
/* End PBXFileReference section */

/* Begin PBXFrameworksBuildPhase section */
		9876B95E1F4680D2007C6E24 /* Frameworks */ = {
			isa = PBXFrameworksBuildPhase;
			buildActionMask = 2147483647;
			files = (
			);
			runOnlyForDeploymentPostprocessing = 0;
		};
		9876B9721F4680D2007C6E24 /* Frameworks */ = {
			isa = PBXFrameworksBuildPhase;
			buildActionMask = 2147483647;
			files = (
			);
			runOnlyForDeploymentPostprocessing = 0;
		};
		9876B97D1F4680D2007C6E24 /* Frameworks */ = {
			isa = PBXFrameworksBuildPhase;
			buildActionMask = 2147483647;
			files = (
			);
			runOnlyForDeploymentPostprocessing = 0;
		};
/* End PBXFrameworksBuildPhase section */

/* Begin PBXGroup section */
		9876B9581F4680D2007C6E24 = {
			isa = PBXGroup;
			children = (
				9876B9631F4680D2007C6E24 /* TYAttributedLabel_Swift */,
				9876B9781F4680D2007C6E24 /* TYAttributedLabel_SwiftTests */,
				9876B9831F4680D2007C6E24 /* TYAttributedLabel_SwiftUITests */,
				9876B9621F4680D2007C6E24 /* Products */,
			);
			sourceTree = "<group>";
		};
		9876B9621F4680D2007C6E24 /* Products */ = {
			isa = PBXGroup;
			children = (
				9876B9611F4680D2007C6E24 /* TYAttributedLabel_Swift.app */,
				9876B9751F4680D2007C6E24 /* TYAttributedLabel_SwiftTests.xctest */,
				9876B9801F4680D2007C6E24 /* TYAttributedLabel_SwiftUITests.xctest */,
			);
			name = Products;
			sourceTree = "<group>";
		};
		9876B9631F4680D2007C6E24 /* TYAttributedLabel_Swift */ = {
			isa = PBXGroup;
			children = (
				9876B9641F4680D2007C6E24 /* AppDelegate.swift */,
				9876B9941F46D7D2007C6E24 /* TYAttributedLabel.swift */,
				9876B9661F4680D2007C6E24 /* ViewController.swift */,
				9876B9921F46D20B007C6E24 /* SimpleTextViewController.swift */,
				9876B9961F46DF79007C6E24 /* TYTextContainer.swift */,
				9876B9681F4680D2007C6E24 /* Main.storyboard */,
				9876B96B1F4680D2007C6E24 /* Assets.xcassets */,
				9876B96D1F4680D2007C6E24 /* LaunchScreen.storyboard */,
				9876B9701F4680D2007C6E24 /* Info.plist */,
			);
			path = TYAttributedLabel_Swift;
			sourceTree = "<group>";
		};
		9876B9781F4680D2007C6E24 /* TYAttributedLabel_SwiftTests */ = {
			isa = PBXGroup;
			children = (
				9876B9791F4680D2007C6E24 /* TYAttributedLabel_SwiftTests.swift */,
				9876B97B1F4680D2007C6E24 /* Info.plist */,
			);
			path = TYAttributedLabel_SwiftTests;
			sourceTree = "<group>";
		};
		9876B9831F4680D2007C6E24 /* TYAttributedLabel_SwiftUITests */ = {
			isa = PBXGroup;
			children = (
				9876B9841F4680D2007C6E24 /* TYAttributedLabel_SwiftUITests.swift */,
				9876B9861F4680D2007C6E24 /* Info.plist */,
			);
			path = TYAttributedLabel_SwiftUITests;
			sourceTree = "<group>";
		};
/* End PBXGroup section */

/* Begin PBXNativeTarget section */
		9876B9601F4680D2007C6E24 /* TYAttributedLabel_Swift */ = {
			isa = PBXNativeTarget;
			buildConfigurationList = 9876B9891F4680D2007C6E24 /* Build configuration list for PBXNativeTarget "TYAttributedLabel_Swift" */;
			buildPhases = (
				9876B95D1F4680D2007C6E24 /* Sources */,
				9876B95E1F4680D2007C6E24 /* Frameworks */,
				9876B95F1F4680D2007C6E24 /* Resources */,
			);
			buildRules = (
			);
			dependencies = (
			);
			name = TYAttributedLabel_Swift;
			productName = TYAttributedLabel_Swift;
			productReference = 9876B9611F4680D2007C6E24 /* TYAttributedLabel_Swift.app */;
			productType = "com.apple.product-type.application";
		};
		9876B9741F4680D2007C6E24 /* TYAttributedLabel_SwiftTests */ = {
			isa = PBXNativeTarget;
			buildConfigurationList = 9876B98C1F4680D2007C6E24 /* Build configuration list for PBXNativeTarget "TYAttributedLabel_SwiftTests" */;
			buildPhases = (
				9876B9711F4680D2007C6E24 /* Sources */,
				9876B9721F4680D2007C6E24 /* Frameworks */,
				9876B9731F4680D2007C6E24 /* Resources */,
			);
			buildRules = (
			);
			dependencies = (
				9876B9771F4680D2007C6E24 /* PBXTargetDependency */,
			);
			name = TYAttributedLabel_SwiftTests;
			productName = TYAttributedLabel_SwiftTests;
			productReference = 9876B9751F4680D2007C6E24 /* TYAttributedLabel_SwiftTests.xctest */;
			productType = "com.apple.product-type.bundle.unit-test";
		};
		9876B97F1F4680D2007C6E24 /* TYAttributedLabel_SwiftUITests */ = {
			isa = PBXNativeTarget;
			buildConfigurationList = 9876B98F1F4680D2007C6E24 /* Build configuration list for PBXNativeTarget "TYAttributedLabel_SwiftUITests" */;
			buildPhases = (
				9876B97C1F4680D2007C6E24 /* Sources */,
				9876B97D1F4680D2007C6E24 /* Frameworks */,
				9876B97E1F4680D2007C6E24 /* Resources */,
			);
			buildRules = (
			);
			dependencies = (
				9876B9821F4680D2007C6E24 /* PBXTargetDependency */,
			);
			name = TYAttributedLabel_SwiftUITests;
			productName = TYAttributedLabel_SwiftUITests;
			productReference = 9876B9801F4680D2007C6E24 /* TYAttributedLabel_SwiftUITests.xctest */;
			productType = "com.apple.product-type.bundle.ui-testing";
		};
/* End PBXNativeTarget section */

/* Begin PBXProject section */
		9876B9591F4680D2007C6E24 /* Project object */ = {
			isa = PBXProject;
			attributes = {
				LastSwiftUpdateCheck = 0830;
				LastUpgradeCheck = 0830;
				ORGANIZATIONNAME = zm;
				TargetAttributes = {
					9876B9601F4680D2007C6E24 = {
						CreatedOnToolsVersion = 8.3.3;
						DevelopmentTeam = 4QQ73282F5;
						ProvisioningStyle = Automatic;
					};
					9876B9741F4680D2007C6E24 = {
						CreatedOnToolsVersion = 8.3.3;
						ProvisioningStyle = Automatic;
						TestTargetID = 9876B9601F4680D2007C6E24;
					};
					9876B97F1F4680D2007C6E24 = {
						CreatedOnToolsVersion = 8.3.3;
						ProvisioningStyle = Automatic;
						TestTargetID = 9876B9601F4680D2007C6E24;
					};
				};
			};
			buildConfigurationList = 9876B95C1F4680D2007C6E24 /* Build configuration list for PBXProject "TYAttributedLabel_Swift" */;
			compatibilityVersion = "Xcode 3.2";
			developmentRegion = English;
			hasScannedForEncodings = 0;
			knownRegions = (
				en,
				Base,
			);
			mainGroup = 9876B9581F4680D2007C6E24;
			productRefGroup = 9876B9621F4680D2007C6E24 /* Products */;
			projectDirPath = "";
			projectRoot = "";
			targets = (
				9876B9601F4680D2007C6E24 /* TYAttributedLabel_Swift */,
				9876B9741F4680D2007C6E24 /* TYAttributedLabel_SwiftTests */,
				9876B97F1F4680D2007C6E24 /* TYAttributedLabel_SwiftUITests */,
			);
		};
/* End PBXProject section */

/* Begin PBXResourcesBuildPhase section */
		9876B95F1F4680D2007C6E24 /* Resources */ = {
			isa = PBXResourcesBuildPhase;
			buildActionMask = 2147483647;
			files = (
				9876B96F1F4680D2007C6E24 /* LaunchScreen.storyboard in Resources */,
				9876B96C1F4680D2007C6E24 /* Assets.xcassets in Resources */,
				9876B96A1F4680D2007C6E24 /* Main.storyboard in Resources */,
			);
			runOnlyForDeploymentPostprocessing = 0;
		};
		9876B9731F4680D2007C6E24 /* Resources */ = {
			isa = PBXResourcesBuildPhase;
			buildActionMask = 2147483647;
			files = (
			);
			runOnlyForDeploymentPostprocessing = 0;
		};
		9876B97E1F4680D2007C6E24 /* Resources */ = {
			isa = PBXResourcesBuildPhase;
			buildActionMask = 2147483647;
			files = (
			);
			runOnlyForDeploymentPostprocessing = 0;
		};
/* End PBXResourcesBuildPhase section */

/* Begin PBXSourcesBuildPhase section */
		9876B95D1F4680D2007C6E24 /* Sources */ = {
			isa = PBXSourcesBuildPhase;
			buildActionMask = 2147483647;
			files = (
				9876B9671F4680D2007C6E24 /* ViewController.swift in Sources */,
				9876B9931F46D20B007C6E24 /* SimpleTextViewController.swift in Sources */,
				9876B9651F4680D2007C6E24 /* AppDelegate.swift in Sources */,
				9876B9951F46D7D2007C6E24 /* TYAttributedLabel.swift in Sources */,
				9876B9971F46DF79007C6E24 /* TYTextContainer.swift in Sources */,
			);
			runOnlyForDeploymentPostprocessing = 0;
		};
		9876B9711F4680D2007C6E24 /* Sources */ = {
			isa = PBXSourcesBuildPhase;
			buildActionMask = 2147483647;
			files = (
				9876B97A1F4680D2007C6E24 /* TYAttributedLabel_SwiftTests.swift in Sources */,
			);
			runOnlyForDeploymentPostprocessing = 0;
		};
		9876B97C1F4680D2007C6E24 /* Sources */ = {
			isa = PBXSourcesBuildPhase;
			buildActionMask = 2147483647;
			files = (
				9876B9851F4680D2007C6E24 /* TYAttributedLabel_SwiftUITests.swift in Sources */,
			);
			runOnlyForDeploymentPostprocessing = 0;
		};
/* End PBXSourcesBuildPhase section */

/* Begin PBXTargetDependency section */
		9876B9771F4680D2007C6E24 /* PBXTargetDependency */ = {
			isa = PBXTargetDependency;
			target = 9876B9601F4680D2007C6E24 /* TYAttributedLabel_Swift */;
			targetProxy = 9876B9761F4680D2007C6E24 /* PBXContainerItemProxy */;
		};
		9876B9821F4680D2007C6E24 /* PBXTargetDependency */ = {
			isa = PBXTargetDependency;
			target = 9876B9601F4680D2007C6E24 /* TYAttributedLabel_Swift */;
			targetProxy = 9876B9811F4680D2007C6E24 /* PBXContainerItemProxy */;
		};
/* End PBXTargetDependency section */

/* Begin PBXVariantGroup section */
		9876B9681F4680D2007C6E24 /* Main.storyboard */ = {
			isa = PBXVariantGroup;
			children = (
				9876B9691F4680D2007C6E24 /* Base */,
			);
			name = Main.storyboard;
			sourceTree = "<group>";
		};
		9876B96D1F4680D2007C6E24 /* LaunchScreen.storyboard */ = {
			isa = PBXVariantGroup;
			children = (
				9876B96E1F4680D2007C6E24 /* Base */,
			);
			name = LaunchScreen.storyboard;
			sourceTree = "<group>";
		};
/* End PBXVariantGroup section */

/* Begin XCBuildConfiguration section */
		9876B9871F4680D2007C6E24 /* Debug */ = {
			isa = XCBuildConfiguration;
			buildSettings = {
				ALWAYS_SEARCH_USER_PATHS = NO;
				CLANG_ANALYZER_NONNULL = YES;
				CLANG_ANALYZER_NUMBER_OBJECT_CONVERSION = YES_AGGRESSIVE;
				CLANG_CXX_LANGUAGE_STANDARD = "gnu++0x";
				CLANG_CXX_LIBRARY = "libc++";
				CLANG_ENABLE_MODULES = YES;
				CLANG_ENABLE_OBJC_ARC = YES;
				CLANG_WARN_BOOL_CONVERSION = YES;
				CLANG_WARN_CONSTANT_CONVERSION = YES;
				CLANG_WARN_DIRECT_OBJC_ISA_USAGE = YES_ERROR;
				CLANG_WARN_DOCUMENTATION_COMMENTS = YES;
				CLANG_WARN_EMPTY_BODY = YES;
				CLANG_WARN_ENUM_CONVERSION = YES;
				CLANG_WARN_INFINITE_RECURSION = YES;
				CLANG_WARN_INT_CONVERSION = YES;
				CLANG_WARN_OBJC_ROOT_CLASS = YES_ERROR;
				CLANG_WARN_SUSPICIOUS_MOVE = YES;
				CLANG_WARN_UNREACHABLE_CODE = YES;
				CLANG_WARN__DUPLICATE_METHOD_MATCH = YES;
				"CODE_SIGN_IDENTITY[sdk=iphoneos*]" = "iPhone Developer";
				COPY_PHASE_STRIP = NO;
				DEBUG_INFORMATION_FORMAT = dwarf;
				ENABLE_STRICT_OBJC_MSGSEND = YES;
				ENABLE_TESTABILITY = YES;
				GCC_C_LANGUAGE_STANDARD = gnu99;
				GCC_DYNAMIC_NO_PIC = NO;
				GCC_NO_COMMON_BLOCKS = YES;
				GCC_OPTIMIZATION_LEVEL = 0;
				GCC_PREPROCESSOR_DEFINITIONS = (
					"DEBUG=1",
					"$(inherited)",
				);
				GCC_WARN_64_TO_32_BIT_CONVERSION = YES;
				GCC_WARN_ABOUT_RETURN_TYPE = YES_ERROR;
				GCC_WARN_UNDECLARED_SELECTOR = YES;
				GCC_WARN_UNINITIALIZED_AUTOS = YES_AGGRESSIVE;
				GCC_WARN_UNUSED_FUNCTION = YES;
				GCC_WARN_UNUSED_VARIABLE = YES;
				IPHONEOS_DEPLOYMENT_TARGET = 10.3;
				MTL_ENABLE_DEBUG_INFO = YES;
				ONLY_ACTIVE_ARCH = YES;
				SDKROOT = iphoneos;
				SWIFT_ACTIVE_COMPILATION_CONDITIONS = DEBUG;
				SWIFT_OPTIMIZATION_LEVEL = "-Onone";
				TARGETED_DEVICE_FAMILY = "1,2";
			};
			name = Debug;
		};
		9876B9881F4680D2007C6E24 /* Release */ = {
			isa = XCBuildConfiguration;
			buildSettings = {
				ALWAYS_SEARCH_USER_PATHS = NO;
				CLANG_ANALYZER_NONNULL = YES;
				CLANG_ANALYZER_NUMBER_OBJECT_CONVERSION = YES_AGGRESSIVE;
				CLANG_CXX_LANGUAGE_STANDARD = "gnu++0x";
				CLANG_CXX_LIBRARY = "libc++";
				CLANG_ENABLE_MODULES = YES;
				CLANG_ENABLE_OBJC_ARC = YES;
				CLANG_WARN_BOOL_CONVERSION = YES;
				CLANG_WARN_CONSTANT_CONVERSION = YES;
				CLANG_WARN_DIRECT_OBJC_ISA_USAGE = YES_ERROR;
				CLANG_WARN_DOCUMENTATION_COMMENTS = YES;
				CLANG_WARN_EMPTY_BODY = YES;
				CLANG_WARN_ENUM_CONVERSION = YES;
				CLANG_WARN_INFINITE_RECURSION = YES;
				CLANG_WARN_INT_CONVERSION = YES;
				CLANG_WARN_OBJC_ROOT_CLASS = YES_ERROR;
				CLANG_WARN_SUSPICIOUS_MOVE = YES;
				CLANG_WARN_UNREACHABLE_CODE = YES;
				CLANG_WARN__DUPLICATE_METHOD_MATCH = YES;
				"CODE_SIGN_IDENTITY[sdk=iphoneos*]" = "iPhone Developer";
				COPY_PHASE_STRIP = NO;
				DEBUG_INFORMATION_FORMAT = "dwarf-with-dsym";
				ENABLE_NS_ASSERTIONS = NO;
				ENABLE_STRICT_OBJC_MSGSEND = YES;
				GCC_C_LANGUAGE_STANDARD = gnu99;
				GCC_NO_COMMON_BLOCKS = YES;
				GCC_WARN_64_TO_32_BIT_CONVERSION = YES;
				GCC_WARN_ABOUT_RETURN_TYPE = YES_ERROR;
				GCC_WARN_UNDECLARED_SELECTOR = YES;
				GCC_WARN_UNINITIALIZED_AUTOS = YES_AGGRESSIVE;
				GCC_WARN_UNUSED_FUNCTION = YES;
				GCC_WARN_UNUSED_VARIABLE = YES;
				IPHONEOS_DEPLOYMENT_TARGET = 10.3;
				MTL_ENABLE_DEBUG_INFO = NO;
				SDKROOT = iphoneos;
				SWIFT_OPTIMIZATION_LEVEL = "-Owholemodule";
				TARGETED_DEVICE_FAMILY = "1,2";
				VALIDATE_PRODUCT = YES;
			};
			name = Release;
		};
		9876B98A1F4680D2007C6E24 /* Debug */ = {
			isa = XCBuildConfiguration;
			buildSettings = {
				ASSETCATALOG_COMPILER_APPICON_NAME = AppIcon;
				DEVELOPMENT_TEAM = 4QQ73282F5;
				INFOPLIST_FILE = TYAttributedLabel_Swift/Info.plist;
				LD_RUNPATH_SEARCH_PATHS = "$(inherited) @executable_path/Frameworks";
				PRODUCT_BUNDLE_IDENTIFIER = "zm.TYAttributedLabel-Swift";
				PRODUCT_NAME = "$(TARGET_NAME)";
				SWIFT_VERSION = 3.0;
			};
			name = Debug;
		};
		9876B98B1F4680D2007C6E24 /* Release */ = {
			isa = XCBuildConfiguration;
			buildSettings = {
				ASSETCATALOG_COMPILER_APPICON_NAME = AppIcon;
				DEVELOPMENT_TEAM = 4QQ73282F5;
				INFOPLIST_FILE = TYAttributedLabel_Swift/Info.plist;
				LD_RUNPATH_SEARCH_PATHS = "$(inherited) @executable_path/Frameworks";
				PRODUCT_BUNDLE_IDENTIFIER = "zm.TYAttributedLabel-Swift";
				PRODUCT_NAME = "$(TARGET_NAME)";
				SWIFT_VERSION = 3.0;
			};
			name = Release;
		};
		9876B98D1F4680D2007C6E24 /* Debug */ = {
			isa = XCBuildConfiguration;
			buildSettings = {
				ALWAYS_EMBED_SWIFT_STANDARD_LIBRARIES = YES;
				BUNDLE_LOADER = "$(TEST_HOST)";
				INFOPLIST_FILE = TYAttributedLabel_SwiftTests/Info.plist;
				LD_RUNPATH_SEARCH_PATHS = "$(inherited) @executable_path/Frameworks @loader_path/Frameworks";
				PRODUCT_BUNDLE_IDENTIFIER = "zm.TYAttributedLabel-SwiftTests";
				PRODUCT_NAME = "$(TARGET_NAME)";
				SWIFT_VERSION = 3.0;
				TEST_HOST = "$(BUILT_PRODUCTS_DIR)/TYAttributedLabel_Swift.app/TYAttributedLabel_Swift";
			};
			name = Debug;
		};
		9876B98E1F4680D2007C6E24 /* Release */ = {
			isa = XCBuildConfiguration;
			buildSettings = {
				ALWAYS_EMBED_SWIFT_STANDARD_LIBRARIES = YES;
				BUNDLE_LOADER = "$(TEST_HOST)";
				INFOPLIST_FILE = TYAttributedLabel_SwiftTests/Info.plist;
				LD_RUNPATH_SEARCH_PATHS = "$(inherited) @executable_path/Frameworks @loader_path/Frameworks";
				PRODUCT_BUNDLE_IDENTIFIER = "zm.TYAttributedLabel-SwiftTests";
				PRODUCT_NAME = "$(TARGET_NAME)";
				SWIFT_VERSION = 3.0;
				TEST_HOST = "$(BUILT_PRODUCTS_DIR)/TYAttributedLabel_Swift.app/TYAttributedLabel_Swift";
			};
			name = Release;
		};
		9876B9901F4680D2007C6E24 /* Debug */ = {
			isa = XCBuildConfiguration;
			buildSettings = {
				ALWAYS_EMBED_SWIFT_STANDARD_LIBRARIES = YES;
				INFOPLIST_FILE = TYAttributedLabel_SwiftUITests/Info.plist;
				LD_RUNPATH_SEARCH_PATHS = "$(inherited) @executable_path/Frameworks @loader_path/Frameworks";
				PRODUCT_BUNDLE_IDENTIFIER = "zm.TYAttributedLabel-SwiftUITests";
				PRODUCT_NAME = "$(TARGET_NAME)";
				SWIFT_VERSION = 3.0;
				TEST_TARGET_NAME = TYAttributedLabel_Swift;
			};
			name = Debug;
		};
		9876B9911F4680D2007C6E24 /* Release */ = {
			isa = XCBuildConfiguration;
			buildSettings = {
				ALWAYS_EMBED_SWIFT_STANDARD_LIBRARIES = YES;
				INFOPLIST_FILE = TYAttributedLabel_SwiftUITests/Info.plist;
				LD_RUNPATH_SEARCH_PATHS = "$(inherited) @executable_path/Frameworks @loader_path/Frameworks";
				PRODUCT_BUNDLE_IDENTIFIER = "zm.TYAttributedLabel-SwiftUITests";
				PRODUCT_NAME = "$(TARGET_NAME)";
				SWIFT_VERSION = 3.0;
				TEST_TARGET_NAME = TYAttributedLabel_Swift;
			};
			name = Release;
		};
/* End XCBuildConfiguration section */

/* Begin XCConfigurationList section */
		9876B95C1F4680D2007C6E24 /* Build configuration list for PBXProject "TYAttributedLabel_Swift" */ = {
			isa = XCConfigurationList;
			buildConfigurations = (
				9876B9871F4680D2007C6E24 /* Debug */,
				9876B9881F4680D2007C6E24 /* Release */,
			);
			defaultConfigurationIsVisible = 0;
			defaultConfigurationName = Release;
		};
		9876B9891F4680D2007C6E24 /* Build configuration list for PBXNativeTarget "TYAttributedLabel_Swift" */ = {
			isa = XCConfigurationList;
			buildConfigurations = (
				9876B98A1F4680D2007C6E24 /* Debug */,
				9876B98B1F4680D2007C6E24 /* Release */,
			);
			defaultConfigurationIsVisible = 0;
		};
		9876B98C1F4680D2007C6E24 /* Build configuration list for PBXNativeTarget "TYAttributedLabel_SwiftTests" */ = {
			isa = XCConfigurationList;
			buildConfigurations = (
				9876B98D1F4680D2007C6E24 /* Debug */,
				9876B98E1F4680D2007C6E24 /* Release */,
			);
			defaultConfigurationIsVisible = 0;
		};
		9876B98F1F4680D2007C6E24 /* Build configuration list for PBXNativeTarget "TYAttributedLabel_SwiftUITests" */ = {
			isa = XCConfigurationList;
			buildConfigurations = (
				9876B9901F4680D2007C6E24 /* Debug */,
				9876B9911F4680D2007C6E24 /* Release */,
			);
			defaultConfigurationIsVisible = 0;
		};
/* End XCConfigurationList section */
	};
	rootObject = 9876B9591F4680D2007C6E24 /* Project object */;
}
